// !$*UTF8*$!
{
	archiveVersion = 1;
	classes = {
	};
	objectVersion = 50;
	objects = {

/* Begin PBXBuildFile section */
		512B023120D17476003B9840 /* AppDelegate.swift in Sources */ = {isa = PBXBuildFile; fileRef = 512B023020D17476003B9840 /* AppDelegate.swift */; };
		512B023320D17476003B9840 /* ViewController.swift in Sources */ = {isa = PBXBuildFile; fileRef = 512B023220D17476003B9840 /* ViewController.swift */; };
		512B023620D17476003B9840 /* Main.storyboard in Resources */ = {isa = PBXBuildFile; fileRef = 512B023420D17476003B9840 /* Main.storyboard */; };
		512B023820D17478003B9840 /* Assets.xcassets in Resources */ = {isa = PBXBuildFile; fileRef = 512B023720D17478003B9840 /* Assets.xcassets */; };
		512B023B20D17478003B9840 /* LaunchScreen.storyboard in Resources */ = {isa = PBXBuildFile; fileRef = 512B023920D17478003B9840 /* LaunchScreen.storyboard */; };
		512B024420D17493003B9840 /* ButterflyHandleView.swift in Sources */ = {isa = PBXBuildFile; fileRef = 512B024220D17492003B9840 /* ButterflyHandleView.swift */; };
		512B024520D17493003B9840 /* UIView.swift in Sources */ = {isa = PBXBuildFile; fileRef = 512B024320D17492003B9840 /* UIView.swift */; };
/* End PBXBuildFile section */

/* Begin PBXFileReference section */
		512B022D20D17476003B9840 /* ButterflyHandle.app */ = {isa = PBXFileReference; explicitFileType = wrapper.application; includeInIndex = 0; path = ButterflyHandle.app; sourceTree = BUILT_PRODUCTS_DIR; };
		512B023020D17476003B9840 /* AppDelegate.swift */ = {isa = PBXFileReference; lastKnownFileType = sourcecode.swift; path = AppDelegate.swift; sourceTree = "<group>"; };
		512B023220D17476003B9840 /* ViewController.swift */ = {isa = PBXFileReference; lastKnownFileType = sourcecode.swift; path = ViewController.swift; sourceTree = "<group>"; };
		512B023520D17476003B9840 /* Base */ = {isa = PBXFileReference; lastKnownFileType = file.storyboard; name = Base; path = Base.lproj/Main.storyboard; sourceTree = "<group>"; };
		512B023720D17478003B9840 /* Assets.xcassets */ = {isa = PBXFileReference; lastKnownFileType = folder.assetcatalog; path = Assets.xcassets; sourceTree = "<group>"; };
		512B023A20D17478003B9840 /* Base */ = {isa = PBXFileReference; lastKnownFileType = file.storyboard; name = Base; path = Base.lproj/LaunchScreen.storyboard; sourceTree = "<group>"; };
		512B023C20D17478003B9840 /* Info.plist */ = {isa = PBXFileReference; lastKnownFileType = text.plist.xml; path = Info.plist; sourceTree = "<group>"; };
		512B024220D17492003B9840 /* ButterflyHandleView.swift */ = {isa = PBXFileReference; fileEncoding = 4; lastKnownFileType = sourcecode.swift; path = ButterflyHandleView.swift; sourceTree = "<group>"; };
		512B024320D17492003B9840 /* UIView.swift */ = {isa = PBXFileReference; fileEncoding = 4; lastKnownFileType = sourcecode.swift; path = UIView.swift; sourceTree = "<group>"; };
		514A4A3120E2872300BF0A34 /* LICENSE */ = {isa = PBXFileReference; fileEncoding = 4; lastKnownFileType = text; path = LICENSE; sourceTree = SOURCE_ROOT; };
/* End PBXFileReference section */

/* Begin PBXFrameworksBuildPhase section */
		512B022A20D17476003B9840 /* Frameworks */ = {
			isa = PBXFrameworksBuildPhase;
			buildActionMask = 2147483647;
			files = (
			);
			runOnlyForDeploymentPostprocessing = 0;
		};
/* End PBXFrameworksBuildPhase section */

/* Begin PBXGroup section */
		512B022420D17476003B9840 = {
			isa = PBXGroup;
			children = (
				512B022F20D17476003B9840 /* ButterflyHandle */,
				512B022E20D17476003B9840 /* Products */,
			);
			sourceTree = "<group>";
		};
		512B022E20D17476003B9840 /* Products */ = {
			isa = PBXGroup;
			children = (
				512B022D20D17476003B9840 /* ButterflyHandle.app */,
			);
			name = Products;
			sourceTree = "<group>";
		};
		512B022F20D17476003B9840 /* ButterflyHandle */ = {
			isa = PBXGroup;
			children = (
				512B023020D17476003B9840 /* AppDelegate.swift */,
				512B023220D17476003B9840 /* ViewController.swift */,
				512B024220D17492003B9840 /* ButterflyHandleView.swift */,
				512B024320D17492003B9840 /* UIView.swift */,
				512B023420D17476003B9840 /* Main.storyboard */,
				512B023720D17478003B9840 /* Assets.xcassets */,
				512B023920D17478003B9840 /* LaunchScreen.storyboard */,
				512B023C20D17478003B9840 /* Info.plist */,
				514A4A3120E2872300BF0A34 /* LICENSE */,
			);
			path = ButterflyHandle;
			sourceTree = "<group>";
		};
/* End PBXGroup section */

/* Begin PBXNativeTarget section */
		512B022C20D17476003B9840 /* ButterflyHandle */ = {
			isa = PBXNativeTarget;
			buildConfigurationList = 512B023F20D17478003B9840 /* Build configuration list for PBXNativeTarget "ButterflyHandle" */;
			buildPhases = (
				512B022920D17476003B9840 /* Sources */,
				512B022A20D17476003B9840 /* Frameworks */,
				512B022B20D17476003B9840 /* Resources */,
			);
			buildRules = (
			);
			dependencies = (
			);
			name = ButterflyHandle;
			productName = ButterflyHandle;
			productReference = 512B022D20D17476003B9840 /* ButterflyHandle.app */;
			productType = "com.apple.product-type.application";
		};
/* End PBXNativeTarget section */

/* Begin PBXProject section */
		512B022520D17476003B9840 /* Project object */ = {
			isa = PBXProject;
			attributes = {
				LastSwiftUpdateCheck = 0940;
				LastUpgradeCheck = 0940;
				ORGANIZATIONNAME = usagimaru;
				TargetAttributes = {
					512B022C20D17476003B9840 = {
						CreatedOnToolsVersion = 9.4;
					};
				};
			};
			buildConfigurationList = 512B022820D17476003B9840 /* Build configuration list for PBXProject "ButterflyHandle" */;
			compatibilityVersion = "Xcode 9.3";
			developmentRegion = en;
			hasScannedForEncodings = 0;
			knownRegions = (
				en,
				Base,
			);
			mainGroup = 512B022420D17476003B9840;
			productRefGroup = 512B022E20D17476003B9840 /* Products */;
			projectDirPath = "";
			projectRoot = "";
			targets = (
				512B022C20D17476003B9840 /* ButterflyHandle */,
			);
		};
/* End PBXProject section */

/* Begin PBXResourcesBuildPhase section */
		512B022B20D17476003B9840 /* Resources */ = {
			isa = PBXResourcesBuildPhase;
			buildActionMask = 2147483647;
			files = (
				512B023B20D17478003B9840 /* LaunchScreen.storyboard in Resources */,
				512B023820D17478003B9840 /* Assets.xcassets in Resources */,
				512B023620D17476003B9840 /* Main.storyboard in Resources */,
			);
			runOnlyForDeploymentPostprocessing = 0;
		};
/* End PBXResourcesBuildPhase section */

/* Begin PBXSourcesBuildPhase section */
		512B022920D17476003B9840 /* Sources */ = {
			isa = PBXSourcesBuildPhase;
			buildActionMask = 2147483647;
			files = (
				512B024520D17493003B9840 /* UIView.swift in Sources */,
				512B023320D17476003B9840 /* ViewController.swift in Sources */,
				512B023120D17476003B9840 /* AppDelegate.swift in Sources */,
				512B024420D17493003B9840 /* ButterflyHandleView.swift in Sources */,
			);
			runOnlyForDeploymentPostprocessing = 0;
		};
/* End PBXSourcesBuildPhase section */

/* Begin PBXVariantGroup section */
		512B023420D17476003B9840 /* Main.storyboard */ = {
			isa = PBXVariantGroup;
			children = (
				512B023520D17476003B9840 /* Base */,
			);
			name = Main.storyboard;
			sourceTree = "<group>";
		};
		512B023920D17478003B9840 /* LaunchScreen.storyboard */ = {
			isa = PBXVariantGroup;
			children = (
				512B023A20D17478003B9840 /* Base */,
			);
			name = LaunchScreen.storyboard;
			sourceTree = "<group>";
		};
/* End PBXVariantGroup section */

/* Begin XCBuildConfiguration section */
		512B023D20D17478003B9840 /* Debug */ = {
			isa = XCBuildConfiguration;
			buildSettings = {
				ALWAYS_SEARCH_USER_PATHS = NO;
				CLANG_ANALYZER_NONNULL = YES;
				CLANG_ANALYZER_NUMBER_OBJECT_CONVERSION = YES_AGGRESSIVE;
				CLANG_CXX_LANGUAGE_STANDARD = "gnu++14";
				CLANG_CXX_LIBRARY = "libc++";
				CLANG_ENABLE_MODULES = YES;
				CLANG_ENABLE_OBJC_ARC = YES;
				CLANG_ENABLE_OBJC_WEAK = YES;
				CLANG_WARN_BLOCK_CAPTURE_AUTORELEASING = YES;
				CLANG_WARN_BOOL_CONVERSION = YES;
				CLANG_WARN_COMMA = YES;
				CLANG_WARN_CONSTANT_CONVERSION = YES;
				CLANG_WARN_DEPRECATED_OBJC_IMPLEMENTATIONS = YES;
				CLANG_WARN_DIRECT_OBJC_ISA_USAGE = YES_ERROR;
				CLANG_WARN_DOCUMENTATION_COMMENTS = YES;
				CLANG_WARN_EMPTY_BODY = YES;
				CLANG_WARN_ENUM_CONVERSION = YES;
				CLANG_WARN_INFINITE_RECURSION = YES;
				CLANG_WARN_INT_CONVERSION = YES;
				CLANG_WARN_NON_LITERAL_NULL_CONVERSION = YES;
				CLANG_WARN_OBJC_IMPLICIT_RETAIN_SELF = YES;
				CLANG_WARN_OBJC_LITERAL_CONVERSION = YES;
				CLANG_WARN_OBJC_ROOT_CLASS = YES_ERROR;
				CLANG_WARN_RANGE_LOOP_ANALYSIS = YES;
				CLANG_WARN_STRICT_PROTOTYPES = YES;
				CLANG_WARN_SUSPICIOUS_MOVE = YES;
				CLANG_WARN_UNGUARDED_AVAILABILITY = YES_AGGRESSIVE;
				CLANG_WARN_UNREACHABLE_CODE = YES;
				CLANG_WARN__DUPLICATE_METHOD_MATCH = YES;
				CODE_SIGN_IDENTITY = "iPhone Developer";
				COPY_PHASE_STRIP = NO;
				DEBUG_INFORMATION_FORMAT = dwarf;
				ENABLE_STRICT_OBJC_MSGSEND = YES;
				ENABLE_TESTABILITY = YES;
				GCC_C_LANGUAGE_STANDARD = gnu11;
				GCC_DYNAMIC_NO_PIC = NO;
				GCC_NO_COMMON_BLOCKS = YES;
				GCC_OPTIMIZATION_LEVEL = 0;
				GCC_PREPROCESSOR_DEFINITIONS = (
					"DEBUG=1",
					"$(inherited)",
				);
				GCC_WARN_64_TO_32_BIT_CONVERSION = YES;
				GCC_WARN_ABOUT_RETURN_TYPE = YES_ERROR;
				GCC_WARN_UNDECLARED_SELECTOR = YES;
				GCC_WARN_UNINITIALIZED_AUTOS = YES_AGGRESSIVE;
				GCC_WARN_UNUSED_FUNCTION = YES;
				GCC_WARN_UNUSED_VARIABLE = YES;
				IPHONEOS_DEPLOYMENT_TARGET = 11.4;
				MTL_ENABLE_DEBUG_INFO = YES;
				ONLY_ACTIVE_ARCH = YES;
				SDKROOT = iphoneos;
				SWIFT_ACTIVE_COMPILATION_CONDITIONS = DEBUG;
				SWIFT_OPTIMIZATION_LEVEL = "-Onone";
			};
			name = Debug;
		};
		512B023E20D17478003B9840 /* Release */ = {
			isa = XCBuildConfiguration;
			buildSettings = {
				ALWAYS_SEARCH_USER_PATHS = NO;
				CLANG_ANALYZER_NONNULL = YES;
				CLANG_ANALYZER_NUMBER_OBJECT_CONVERSION = YES_AGGRESSIVE;
				CLANG_CXX_LANGUAGE_STANDARD = "gnu++14";
				CLANG_CXX_LIBRARY = "libc++";
				CLANG_ENABLE_MODULES = YES;
				CLANG_ENABLE_OBJC_ARC = YES;
				CLANG_ENABLE_OBJC_WEAK = YES;
				CLANG_WARN_BLOCK_CAPTURE_AUTORELEASING = YES;
				CLANG_WARN_BOOL_CONVERSION = YES;
				CLANG_WARN_COMMA = YES;
				CLANG_WARN_CONSTANT_CONVERSION = YES;
				CLANG_WARN_DEPRECATED_OBJC_IMPLEMENTATIONS = YES;
				CLANG_WARN_DIRECT_OBJC_ISA_USAGE = YES_ERROR;
				CLANG_WARN_DOCUMENTATION_COMMENTS = YES;
				CLANG_WARN_EMPTY_BODY = YES;
				CLANG_WARN_ENUM_CONVERSION = YES;
				CLANG_WARN_INFINITE_RECURSION = YES;
				CLANG_WARN_INT_CONVERSION = YES;
				CLANG_WARN_NON_LITERAL_NULL_CONVERSION = YES;
				CLANG_WARN_OBJC_IMPLICIT_RETAIN_SELF = YES;
				CLANG_WARN_OBJC_LITERAL_CONVERSION = YES;
				CLANG_WARN_OBJC_ROOT_CLASS = YES_ERROR;
				CLANG_WARN_RANGE_LOOP_ANALYSIS = YES;
				CLANG_WARN_STRICT_PROTOTYPES = YES;
				CLANG_WARN_SUSPICIOUS_MOVE = YES;
				CLANG_WARN_UNGUARDED_AVAILABILITY = YES_AGGRESSIVE;
				CLANG_WARN_UNREACHABLE_CODE = YES;
				CLANG_WARN__DUPLICATE_METHOD_MATCH = YES;
				CODE_SIGN_IDENTITY = "iPhone Developer";
				COPY_PHASE_STRIP = NO;
				DEBUG_INFORMATION_FORMAT = "dwarf-with-dsym";
				ENABLE_NS_ASSERTIONS = NO;
				ENABLE_STRICT_OBJC_MSGSEND = YES;
				GCC_C_LANGUAGE_STANDARD = gnu11;
				GCC_NO_COMMON_BLOCKS = YES;
				GCC_WARN_64_TO_32_BIT_CONVERSION = YES;
				GCC_WARN_ABOUT_RETURN_TYPE = YES_ERROR;
				GCC_WARN_UNDECLARED_SELECTOR = YES;
				GCC_WARN_UNINITIALIZED_AUTOS = YES_AGGRESSIVE;
				GCC_WARN_UNUSED_FUNCTION = YES;
				GCC_WARN_UNUSED_VARIABLE = YES;
				IPHONEOS_DEPLOYMENT_TARGET = 11.4;
				MTL_ENABLE_DEBUG_INFO = NO;
				SDKROOT = iphoneos;
				SWIFT_COMPILATION_MODE = wholemodule;
				SWIFT_OPTIMIZATION_LEVEL = "-O";
				VALIDATE_PRODUCT = YES;
			};
			name = Release;
		};
		512B024020D17478003B9840 /* Debug */ = {
			isa = XCBuildConfiguration;
			buildSettings = {
				ASSETCATALOG_COMPILER_APPICON_NAME = AppIcon;
				CODE_SIGN_STYLE = Automatic;
				DEVELOPMENT_TEAM = R6RZ6S2FLK;
				INFOPLIST_FILE = ButterflyHandle/Info.plist;
				IPHONEOS_DEPLOYMENT_TARGET = 10.0;
				LD_RUNPATH_SEARCH_PATHS = (
					"$(inherited)",
					"@executable_path/Frameworks",
				);
				PRODUCT_BUNDLE_IDENTIFIER = com.interactionmania.ButterflyHandle;
				PRODUCT_NAME = "$(TARGET_NAME)";
				SWIFT_VERSION = 4.0;
				TARGETED_DEVICE_FAMILY = "1,2";
			};
			name = Debug;
		};
		512B024120D17478003B9840 /* Release */ = {
			isa = XCBuildConfiguration;
			buildSettings = {
				ASSETCATALOG_COMPILER_APPICON_NAME = AppIcon;
				CODE_SIGN_STYLE = Automatic;
				DEVELOPMENT_TEAM = R6RZ6S2FLK;
				INFOPLIST_FILE = ButterflyHandle/Info.plist;
				IPHONEOS_DEPLOYMENT_TARGET = 10.0;
				LD_RUNPATH_SEARCH_PATHS = (
					"$(inherited)",
					"@executable_path/Frameworks",
				);
				PRODUCT_BUNDLE_IDENTIFIER = com.interactionmania.ButterflyHandle;
				PRODUCT_NAME = "$(TARGET_NAME)";
				SWIFT_VERSION = 4.0;
				TARGETED_DEVICE_FAMILY = "1,2";
			};
			name = Release;
		};
/* End XCBuildConfiguration section */

/* Begin XCConfigurationList section */
		512B022820D17476003B9840 /* Build configuration list for PBXProject "ButterflyHandle" */ = {
			isa = XCConfigurationList;
			buildConfigurations = (
				512B023D20D17478003B9840 /* Debug */,
				512B023E20D17478003B9840 /* Release */,
			);
			defaultConfigurationIsVisible = 0;
			defaultConfigurationName = Release;
		};
		512B023F20D17478003B9840 /* Build configuration list for PBXNativeTarget "ButterflyHandle" */ = {
			isa = XCConfigurationList;
			buildConfigurations = (
				512B024020D17478003B9840 /* Debug */,
				512B024120D17478003B9840 /* Release */,
			);
			defaultConfigurationIsVisible = 0;
			defaultConfigurationName = Release;
		};
/* End XCConfigurationList section */
	};
	rootObject = 512B022520D17476003B9840 /* Project object */;
}
